{
  "requires": true,
  "lockfileVersion": 1,
  "dependencies": {
    "jquery": {
      "version": "3.5.0",
      "resolved": "https://registry.npm.taobao.org/jquery/download/jquery-3.5.0.tgz?cache=0&sync_timestamp=1586533553065&other_urls=https%3A%2F%2Fregistry.npm.taobao.org%2Fjquery%2Fdownload%2Fjquery-3.5.0.tgz",
      "integrity": "sha1-mYC5fZ5BlGEcNlMOfcRqWNc0D8k="
    },
    "underscore": {
      "version": "1.10.2",
      "resolved": "https://registry.npm.taobao.org/underscore/download/underscore-1.10.2.tgz?cache=0&sync_timestamp=1585605854253&other_urls=https%3A%2F%2Fregistry.npm.taobao.org%2Funderscore%2Fdownload%2Funderscore-1.10.2.tgz",
      "integrity": "sha1-c9aqNmjzGI5K2w8ZQ70Sz9fvqq8="
    }
  }
}
