# THIS IS AN AUTOGENERATED FILE. DO NOT EDIT THIS FILE DIRECTLY.
# yarn lockfile v1


bootstrap@^4.4.1:
  version "4.4.1"
  resolved "https://registry.npm.taobao.org/bootstrap/download/bootstrap-4.4.1.tgz?cache=0&sync_timestamp=1574946577551&other_urls=https%3A%2F%2Fregistry.npm.taobao.org%2Fbootstrap%2Fdownload%2Fbootstrap-4.4.1.tgz#8582960eea0c5cd2bede84d8b0baf3789c3e8b01"
  integrity sha1-hYKWDuoMXNK+3oTYsLrzeJw+iwE=
